
Microsoft Visual Studio Solution File, Format Version 12.00
# Visual Studio 15
VisualStudioVersion = 15.0.27703.2042
MinimumVisualStudioVersion = 10.0.40219.1
Project("{FAE04EC0-301F-11D3-BF4B-00C04F79EFBC}") = "ConsoleAppLessen4Z2", "ConsoleApp2\ConsoleAppLessen4Z2.csproj", "{9AC75D3D-5627-4821-BB52-F2B6F85EC035}"
EndProject
Global
	GlobalSection(SolutionConfigurationPlatforms) = preSolution
		Debug|Any CPU = Debug|Any CPU
		Release|Any CPU = Release|Any CPU
	EndGlobalSection
	GlobalSection(ProjectConfigurationPlatforms) = postSolution
		{9AC75D3D-5627-4821-BB52-F2B6F85EC035}.Debug|Any CPU.ActiveCfg = Debug|Any CPU
		{9AC75D3D-5627-4821-BB52-F2B6F85EC035}.Debug|Any CPU.Build.0 = Debug|Any CPU
		{9AC75D3D-5627-4821-BB52-F2B6F85EC035}.Release|Any CPU.ActiveCfg = Release|Any CPU
		{9AC75D3D-5627-4821-BB52-F2B6F85EC035}.Release|Any CPU.Build.0 = Release|Any CPU
	EndGlobalSection
	GlobalSection(SolutionProperties) = preSolution
		HideSolutionNode = FALSE
	EndGlobalSection
	GlobalSection(ExtensibilityGlobals) = postSolution
		SolutionGuid = {FF5A4A84-D2B2-4658-A63C-4A553D7144F8}
	EndGlobalSection
EndGlobal
