
Microsoft Visual Studio Solution File, Format Version 12.00
# Visual Studio 15
VisualStudioVersion = 15.0.27703.2042
MinimumVisualStudioVersion = 10.0.40219.1
Project("{FAE04EC0-301F-11D3-BF4B-00C04F79EFBC}") = "ConsoleAppMean", "ConsoleAppMean\ConsoleAppMean.csproj", "{6A2F276F-9B19-4253-96CF-EE44A5C74F23}"
EndProject
Global
	GlobalSection(SolutionConfigurationPlatforms) = preSolution
		Debug|Any CPU = Debug|Any CPU
		Release|Any CPU = Release|Any CPU
	EndGlobalSection
	GlobalSection(ProjectConfigurationPlatforms) = postSolution
		{6A2F276F-9B19-4253-96CF-EE44A5C74F23}.Debug|Any CPU.ActiveCfg = Debug|Any CPU
		{6A2F276F-9B19-4253-96CF-EE44A5C74F23}.Debug|Any CPU.Build.0 = Debug|Any CPU
		{6A2F276F-9B19-4253-96CF-EE44A5C74F23}.Release|Any CPU.ActiveCfg = Release|Any CPU
		{6A2F276F-9B19-4253-96CF-EE44A5C74F23}.Release|Any CPU.Build.0 = Release|Any CPU
	EndGlobalSection
	GlobalSection(SolutionProperties) = preSolution
		HideSolutionNode = FALSE
	EndGlobalSection
	GlobalSection(ExtensibilityGlobals) = postSolution
		SolutionGuid = {1B5D728C-BEB1-484D-A752-8DB91C5FB24E}
	EndGlobalSection
EndGlobal
